
Microsoft Visual Studio Solution File, Format Version 12.00
# Visual Studio Version 17
VisualStudioVersion = 17.14.37411.7 d17.14
MinimumVisualStudioVersion = 10.0.40219.1
Project("{FAE04EC0-301F-11D3-BF4B-00C04F79EFBC}") = "LethalCasinoSpawner", "LethalCasinoSpawner.csproj", "{CF1FB628-4379-4902-ADD2-A84140B1256E}"
EndProject
Global
	GlobalSection(SolutionConfigurationPlatforms) = preSolution
		Debug|Any CPU = Debug|Any CPU
		Release|Any CPU = Release|Any CPU
	EndGlobalSection
	GlobalSection(ProjectConfigurationPlatforms) = postSolution
		{CF1FB628-4379-4902-ADD2-A84140B1256E}.Debug|Any CPU.ActiveCfg = Debug|Any CPU
		{CF1FB628-4379-4902-ADD2-A84140B1256E}.Debug|Any CPU.Build.0 = Debug|Any CPU
		{CF1FB628-4379-4902-ADD2-A84140B1256E}.Release|Any CPU.ActiveCfg = Release|Any CPU
		{CF1FB628-4379-4902-ADD2-A84140B1256E}.Release|Any CPU.Build.0 = Release|Any CPU
	EndGlobalSection
	GlobalSection(SolutionProperties) = preSolution
		HideSolutionNode = FALSE
	EndGlobalSection
	GlobalSection(ExtensibilityGlobals) = postSolution
		SolutionGuid = {32288656-0E6C-4314-B246-835AFAFC1521}
	EndGlobalSection
EndGlobal
